{
    "name": "proyecto",
    "lockfileVersion": 3,
    "requires": true,
    "packages": {
        "": {
            "dependencies": {
                "serverboy": "^0.0.7",
                "uWebSockets.js": "github:uNetworking/uWebSockets.js#v20.43.0"
            }
        },
        "node_modules/serverboy": {
            "version": "0.0.7",
            "resolved": "https://registry.npmjs.org/serverboy/-/serverboy-0.0.7.tgz",
            "integrity": "sha512-Ghisf4cx60q0hmR5LbsNybvWJICGSCyrktTB4v6f6AlmIL/mwAuua6kYMbPc+uowAEyDy7Sn7ZawlF2RjJK1dg=="
        },
        "node_modules/uWebSockets.js": {
            "version": "20.43.0",
            "resolved": "git+ssh://git@github.com/uNetworking/uWebSockets.js.git#1977b5039938ad863d42fc4958d48c17e5a1fa06"
        }
    }
}
