{
    "name": "proyecto",
    "lockfileVersion": 3,
    "requires": true,
    "packages": {
        "": {
            "dependencies": {
                "audio-speaker": "^1.5.1",
                "serverboy": "^0.0.7",
                "speaker": "^0.5.5",
                "uWebSockets.js": "github:uNetworking/uWebSockets.js#v20.43.0",
                "web-audio-api": "^0.2.2"
            }
        },
        "node_modules/aac": {
            "version": "0.1.3",
            "resolved": "https://registry.npmjs.org/aac/-/aac-0.1.3.tgz",
            "integrity": "sha512-mhkqrzCOMndmoQovW43ry8tkMttuvKcpU0u9/K7zI+lF5NtCY2NE+HwAPiEgd3rHK7IuBT1ZsGL+LKeCPW9btQ==",
            "peerDependencies": {
                "av": "~0.4.0"
            }
        },
        "node_modules/abc": {
            "version": "0.5.1",
            "resolved": "https://registry.npmjs.org/abc/-/abc-0.5.1.tgz",
            "integrity": "sha512-WRBP9wjuEdmzw1yFHCVf7Qp/PXSmfuUSX3FSs+5+uLG4qGKmhOPKl8LtZaG0p6xxuB6hX1tIzH4VaHL23+bU5A==",
            "engines": {
                "node": ">=0.4.0"
            }
        },
        "node_modules/alac": {
            "version": "0.1.0",
            "resolved": "https://registry.npmjs.org/alac/-/alac-0.1.0.tgz",
            "integrity": "sha512-+NBR/Nj/5zndHO7Oz4EOE7Qj+v+hk/0edJerBhjMQRznyjfaYV6/W+tUOOlLTZ0BWWD4p6eb11KKDHoPW5LsCw==",
            "peerDependencies": {
                "av": "~0.4.0"
            }
        },
        "node_modules/assertion-error": {
            "version": "1.0.0",
            "resolved": "https://registry.npmjs.org/assertion-error/-/assertion-error-1.0.0.tgz",
            "integrity": "sha512-g/gZV+G476cnmtYI+Ko9d5khxSoCSoom/EaNmmCfwpOvBXEJ18qwFrxfP1/CsIqk2no1sAKKwxndV0tP7ROOFQ==",
            "engines": {
                "node": "*"
            }
        },
        "node_modules/async": {
            "version": "0.9.2",
            "resolved": "https://registry.npmjs.org/async/-/async-0.9.2.tgz",
            "integrity": "sha512-l6ToIJIotphWahxxHyzK9bnLR6kM4jJIIgLShZeqLY7iboHoGkdgFl7W2/Ivi4SkMJYGKqW8vSuk0uKUj6qsSw=="
        },
        "node_modules/atob-lite": {
            "version": "1.0.0",
            "resolved": "https://registry.npmjs.org/atob-lite/-/atob-lite-1.0.0.tgz",
            "integrity": "sha512-ArXcmHR/vwSN37HLVap/Y5SKpz12CuEybxe1sIYl7th/S6SQPrVMNFt6rblJzCOAxn0SHbXpknUtqbAIeo3Aow=="
        },
        "node_modules/audio-buffer": {
            "version": "3.2.1",
            "resolved": "https://registry.npmjs.org/audio-buffer/-/audio-buffer-3.2.1.tgz",
            "integrity": "sha512-yQNZUatQ5dF7h4BezYLy6T9w4LHahMVXrncFZJjI+N44S3O0lEgZcicsSSdvgNk0gLii58Q4gTvSZyohYqRbfw==",
            "deprecated": "Depends on Web-Audio-API implementation. Use either web-audio-api, web-audio-js or web-audio-engine package.",
            "dependencies": {
                "audio-context": "^1.0.0",
                "buffer-to-arraybuffer": "latest",
                "is-audio-buffer": "^1.0.1",
                "is-browser": "^2.0.1",
                "is-buffer": "^1.1.0",
                "is-plain-obj": "^1.1.0"
            }
        },
        "node_modules/audio-buffer-list": {
            "version": "2.0.7",
            "resolved": "https://registry.npmjs.org/audio-buffer-list/-/audio-buffer-list-2.0.7.tgz",
            "integrity": "sha512-bj4YkkuyY896C64wqEp78QwolqfEwjTtxEKjWHoZAOy1T5DmpMgU7PEndvA0KmcgEWiRoUqdnwyL2wc59vuW2A==",
            "dependencies": {
                "audio-buffer": "^3.0.0",
                "audio-buffer-utils": "^4.1.1",
                "inherits": "^2.0.3",
                "is-audio-buffer": "^1.0.5",
                "is-plain-obj": "^1.1.0",
                "negative-index": "^1.0.2",
                "object-assign": "^4.1.1"
            }
        },
        "node_modules/audio-buffer-utils": {
            "version": "4.3.2",
            "resolved": "https://registry.npmjs.org/audio-buffer-utils/-/audio-buffer-utils-4.3.2.tgz",
            "integrity": "sha512-4SV84QDCwatJTmsXZjMy9RyBv/vEoLp0BOkeGUX8/D7RS+daA3yCT18pp4J+MV9YUwADUoNXwzhhMnhUYQ8n3A==",
            "dependencies": {
                "audio-buffer": "^3.1.1",
                "audio-context": "^1.0.0",
                "clamp": "^1.0.1",
                "is-audio-buffer": "^1.0.0",
                "is-browser": "^2.0.1",
                "negative-index": "^1.0.2",
                "typedarray-methods": "^1.0.0"
            }
        },
        "node_modules/audio-context": {
            "version": "1.0.3",
            "resolved": "https://registry.npmjs.org/audio-context/-/audio-context-1.0.3.tgz",
            "integrity": "sha512-RH3/rM74f2ITlohhjgC7oYZVS97wtv/SEjXLCzEinnrIPIDxc39m2aFc6wmdkM0NYRKo1DMleYPMAIbnTRW0eA==",
            "deprecated": "Depends on Web-Audio-API implementation. Use either web-audio-api, web-audio-js or web-audio-engine package."
        },
        "node_modules/audio-sink": {
            "version": "1.1.6",
            "resolved": "https://registry.npmjs.org/audio-sink/-/audio-sink-1.1.6.tgz",
            "integrity": "sha512-RoaAZV7WTgAk036LXdWZ5sjqvBZ9yx6cgPbpSUVZxWLO0bKUu+WTG2f/sFuI34FvwlwI8pBP5boHgdezVYV6vg==",
            "deprecated": "Sad to admit that was wrong.",
            "optional": true,
            "dependencies": {
                "inherits": "^2.0.1",
                "xtend": "^4.0.1"
            }
        },
        "node_modules/audio-speaker": {
            "version": "1.5.1",
            "resolved": "https://registry.npmjs.org/audio-speaker/-/audio-speaker-1.5.1.tgz",
            "integrity": "sha512-FoTKQGSz9xZPOTAylfMWVKoyKZD3tcjm94AVsngkDrt7ohTVlPCX+lb0KcDD57rI0dPJprFO5GSxEbJUE3Jj+Q==",
            "dependencies": {
                "audio-through": "^2.2.3",
                "inherits": "^2.0.1",
                "is-audio-buffer": "^1.0.1",
                "pcm-util": "^2.1.0",
                "pull-stream": "^3.4.5",
                "web-audio-stream": "^3.0.1"
            },
            "optionalDependencies": {
                "audio-sink": "^1.0.2",
                "speaker": "^0.5.3"
            }
        },
        "node_modules/audio-through": {
            "version": "2.2.3",
            "resolved": "https://registry.npmjs.org/audio-through/-/audio-through-2.2.3.tgz",
            "integrity": "sha512-geifBAjr4srD/jl7ZizmKLlSs20tg7dHJnFkCr8NFrVC2QiKQLqVqylH3g4zSWDqu3RyrVsALpAQ66LnyZlBfg==",
            "deprecated": "Legacy. No audio in old node streams.",
            "dependencies": {
                "audio-buffer": "^3.1.1",
                "audio-context": "^1.0.0",
                "inherits": "^2.0.1",
                "is-audio-buffer": "^1.0.1",
                "is-promise": "^2.1.0",
                "object-assign": "^4.1.1",
                "pcm-util": "^2.0.1",
                "performance-now": "^2.1.0"
            }
        },
        "node_modules/audiobuffer": {
            "version": "0.2.0",
            "resolved": "https://registry.npmjs.org/audiobuffer/-/audiobuffer-0.2.0.tgz",
            "integrity": "sha512-wEZ3iAOK1yNCy1PNcSe2V1pzzCV5rezYg0r/TRwojZBIVupQF56ioI0x5PGgatmWxJ4t8sWXymg8AFfopPXfrg==",
            "dependencies": {
                "underscore": "1.4.x"
            },
            "engines": {
                "node": ">=0.10"
            }
        },
        "node_modules/audiobuffer/node_modules/underscore": {
            "version": "1.4.4",
            "resolved": "https://registry.npmjs.org/underscore/-/underscore-1.4.4.tgz",
            "integrity": "sha512-ZqGrAgaqqZM7LGRzNjLnw5elevWb5M8LEoDMadxIW3OWbcv72wMMgKdwOKpd5Fqxe8choLD8HN3iSj3TUh/giQ=="
        },
        "node_modules/av": {
            "version": "0.4.9",
            "resolved": "https://registry.npmjs.org/av/-/av-0.4.9.tgz",
            "integrity": "sha512-MvkT0k+co6o+zLMrBFFeVhYcG/S/jzy+2p00c/VwA71q6g90J28qUNh93NabKrcN06bkwFK0OeiEpFsQd7TS7g==",
            "dependencies": {
                "coffeeify": "^0.6.0"
            },
            "optionalDependencies": {
                "speaker": "^0.3.0"
            }
        },
        "node_modules/av/node_modules/debug": {
            "version": "2.6.9",
            "resolved": "https://registry.npmjs.org/debug/-/debug-2.6.9.tgz",
            "integrity": "sha512-bC7ElrdJaJnPbAP+1EotYvqZsb3ecl5wi6Bfi6BJTUcNowp6cvspg0jXznRTKDjm/E7AdgFBVeAPVMNcKGsHMA==",
            "optional": true,
            "dependencies": {
                "ms": "2.0.0"
            }
        },
        "node_modules/av/node_modules/ms": {
            "version": "2.0.0",
            "resolved": "https://registry.npmjs.org/ms/-/ms-2.0.0.tgz",
            "integrity": "sha512-Tpp60P6IUJDTuOq/5Z8cdskzJujfwqfOTkrwIwj7IRISpnkJnT6SyJ4PCPnGMoFjC9ddhal5KVIYtAt97ix05A==",
            "optional": true
        },
        "node_modules/av/node_modules/speaker": {
            "version": "0.3.1",
            "resolved": "https://registry.npmjs.org/speaker/-/speaker-0.3.1.tgz",
            "integrity": "sha512-LEqSy+FHYHPZj4kX8NHylzaOmy+VIqj57enm2GS4B568hj0SdKDYa9jALCGQy43LZa/JmQk1iF0nlMVbS1PfPg==",
            "hasInstallScript": true,
            "optional": true,
            "dependencies": {
                "bindings": "^1.2.1",
                "debug": "^2.2.0",
                "nan": "^2.2.0",
                "readable-stream": "^2.0.5"
            }
        },
        "node_modules/bindings": {
            "version": "1.5.0",
            "resolved": "https://registry.npmjs.org/bindings/-/bindings-1.5.0.tgz",
            "integrity": "sha512-p2q/t/mhvuOj/UeLlV6566GD/guowlr0hHxClI0W9m7MWYkL1F0hLo+0Aexs9HSPCtR1SXQ0TD3MMKrXZajbiQ==",
            "dependencies": {
                "file-uri-to-path": "1.0.0"
            }
        },
        "node_modules/buffer-alloc": {
            "version": "1.2.0",
            "resolved": "https://registry.npmjs.org/buffer-alloc/-/buffer-alloc-1.2.0.tgz",
            "integrity": "sha512-CFsHQgjtW1UChdXgbyJGtnm+O/uLQeZdtbDo8mfUgYXCHSM1wgrVxXm6bSyrUuErEb+4sYVGCzASBRot7zyrow==",
            "dependencies": {
                "buffer-alloc-unsafe": "^1.1.0",
                "buffer-fill": "^1.0.0"
            }
        },
        "node_modules/buffer-alloc-unsafe": {
            "version": "1.1.0",
            "resolved": "https://registry.npmjs.org/buffer-alloc-unsafe/-/buffer-alloc-unsafe-1.1.0.tgz",
            "integrity": "sha512-TEM2iMIEQdJ2yjPJoSIsldnleVaAk1oW3DBVUykyOLsEsFmEc9kn+SFFPz+gl54KQNxlDnAwCXosOS9Okx2xAg=="
        },
        "node_modules/buffer-fill": {
            "version": "1.0.0",
            "resolved": "https://registry.npmjs.org/buffer-fill/-/buffer-fill-1.0.0.tgz",
            "integrity": "sha512-T7zexNBwiiaCOGDg9xNX9PBmjrubblRkENuptryuI64URkXDFum9il/JGL8Lm8wYfAXpredVXXZz7eMHilimiQ=="
        },
        "node_modules/buffer-to-arraybuffer": {
            "version": "0.0.6",
            "resolved": "https://registry.npmjs.org/buffer-to-arraybuffer/-/buffer-to-arraybuffer-0.0.6.tgz",
            "integrity": "sha512-i/ndmmCF5QC1D75QCO1EPwYRPIVRVs2yLwkl2bc8R5P1ORHGZZAbTwmYM/vpXt7KzCe+Y57E8YPGTJywgWBNRw=="
        },
        "node_modules/chai": {
            "version": "1.7.2",
            "resolved": "https://registry.npmjs.org/chai/-/chai-1.7.2.tgz",
            "integrity": "sha512-iTItmoMR+S+g8g0xU7db2mrr2LeLMJ6Y+YJwJEOUSaVTzm6qyTBfj5r+5x+XQhlXUfVn6WfFS4sXpEtMg6Qwaw==",
            "dependencies": {
                "assertion-error": "1.0.0"
            },
            "engines": {
                "node": ">= 0.4.0"
            }
        },
        "node_modules/clamp": {
            "version": "1.0.1",
            "resolved": "https://registry.npmjs.org/clamp/-/clamp-1.0.1.tgz",
            "integrity": "sha512-kgMuFyE78OC6Dyu3Dy7vcx4uy97EIbVxJB/B0eJ3bUNAkwdNcxYzgKltnyADiYwsR7SEqkkUPsEUT//OVS6XMA=="
        },
        "node_modules/coffee-script": {
            "version": "1.7.1",
            "resolved": "https://registry.npmjs.org/coffee-script/-/coffee-script-1.7.1.tgz",
            "integrity": "sha512-W3s+SROY73OmrSGtPTTW/2wp2rmW5vuh0/tUuCK1NvTuyzLOVPccIP9whmhZ4cYWcr2NJPNENZIFaAMkTD5G3w==",
            "deprecated": "CoffeeScript on NPM has moved to \"coffeescript\" (no hyphen)",
            "dependencies": {
                "mkdirp": "~0.3.5"
            },
            "bin": {
                "cake": "bin/cake",
                "coffee": "bin/coffee"
            },
            "engines": {
                "node": ">=0.8.0"
            }
        },
        "node_modules/coffeeify": {
            "version": "0.6.0",
            "resolved": "https://registry.npmjs.org/coffeeify/-/coffeeify-0.6.0.tgz",
            "integrity": "sha512-nt2rZwyeqLnzdbC15ZUBnQtokHLqNnbgfpUMYzAk1Pa33hObdtXnDV0SmTj2DWbzp47MpR87ix3uKHyutnzjsg==",
            "dependencies": {
                "coffee-script": "~1.7.0",
                "convert-source-map": "~0.3.3",
                "through": "~2.3.4"
            }
        },
        "node_modules/convert-source-map": {
            "version": "0.3.5",
            "resolved": "https://registry.npmjs.org/convert-source-map/-/convert-source-map-0.3.5.tgz",
            "integrity": "sha512-+4nRk0k3oEpwUB7/CalD7xE2z4VmtEnnq0GO2IPTkrooTrAhEsWvuLF5iWP1dXrwluki/azwXV1ve7gtYuPldg=="
        },
        "node_modules/core-util-is": {
            "version": "1.0.3",
            "resolved": "https://registry.npmjs.org/core-util-is/-/core-util-is-1.0.3.tgz",
            "integrity": "sha512-ZQBvi1DcpJ4GDqanjucZ2Hj3wEO5pZDS89BWbkcrvdxksJorwUDDZamX9ldFkp9aw2lmBDLgkObEA4DWNJ9FYQ==",
            "optional": true
        },
        "node_modules/data-uri-regex": {
            "version": "0.1.4",
            "resolved": "https://registry.npmjs.org/data-uri-regex/-/data-uri-regex-0.1.4.tgz",
            "integrity": "sha512-QnJ3LVGIitKfO1wZ08l+0cpQUNdEGRDKR0kH2prNvbfBUk0zVn7A6KSTvETGqD2BI1h1CgdqY4X8bEjKu4CdXA==",
            "engines": {
                "node": ">=0.12.0"
            }
        },
        "node_modules/debug": {
            "version": "4.3.5",
            "resolved": "https://registry.npmjs.org/debug/-/debug-4.3.5.tgz",
            "integrity": "sha512-pt0bNEmneDIvdL1Xsd9oDQ/wrQRkXDT4AUWlNZNPKvW5x/jyO9VFXkJUP07vQ2upmw5PlaITaPKc31jK13V+jg==",
            "dependencies": {
                "ms": "2.1.2"
            },
            "engines": {
                "node": ">=6.0"
            },
            "peerDependenciesMeta": {
                "supports-color": {
                    "optional": true
                }
            }
        },
        "node_modules/file-uri-to-path": {
            "version": "1.0.0",
            "resolved": "https://registry.npmjs.org/file-uri-to-path/-/file-uri-to-path-1.0.0.tgz",
            "integrity": "sha512-0Zt+s3L7Vf1biwWZ29aARiVYLx7iMGnEUl9x33fbB/j3jR81u/O2LbqK+Bm1CDSNDKVtJ/YjwY7TUd5SkeLQLw=="
        },
        "node_modules/flac": {
            "version": "0.3.0",
            "resolved": "https://registry.npmjs.org/flac/-/flac-0.3.0.tgz",
            "integrity": "sha512-52oFJru3F/aELcnDwHtqDNXxruIZH7bE3vK6xQF4ALCelCZBXFggqPsPXPilVs9L242Iz1ROrbVX0UYXJMMinw==",
            "dependencies": {
                "abc": "0.5.x",
                "fsa": "0.5.x"
            },
            "engines": {
                "node": ">=0.4"
            }
        },
        "node_modules/fsa": {
            "version": "0.5.1",
            "resolved": "https://registry.npmjs.org/fsa/-/fsa-0.5.1.tgz",
            "integrity": "sha512-HMdf0zJNXwP5dxROQb/ncUv+9BxuO4NM5R6/pSbUdfu5CUzMOg7+iP4tQUtBIv18PaScukzfxGIqLyJ3d9wg3Q==",
            "engines": {
                "node": ">=0.4"
            }
        },
        "node_modules/inherits": {
            "version": "2.0.4",
            "resolved": "https://registry.npmjs.org/inherits/-/inherits-2.0.4.tgz",
            "integrity": "sha512-k/vGaX4/Yla3WzyMCvTQOXYeIHvqOKtnqBduzTHpzpQZzAskKMhZ2K+EnBiSM9zGSoIFeMpXKxa4dYeZIQqewQ=="
        },
        "node_modules/is-audio-buffer": {
            "version": "1.1.0",
            "resolved": "https://registry.npmjs.org/is-audio-buffer/-/is-audio-buffer-1.1.0.tgz",
            "integrity": "sha512-fmPC/dizJmP4ITCsW5oTQGMJ9wZVE+A/zAe6FQo3XwgERxmXHmm3ON5XkWDAxmyxvsrDmWx3NArpSgamp/59AA=="
        },
        "node_modules/is-browser": {
            "version": "2.1.0",
            "resolved": "https://registry.npmjs.org/is-browser/-/is-browser-2.1.0.tgz",
            "integrity": "sha512-F5rTJxDQ2sW81fcfOR1GnCXT6sVJC104fCyfj+mjpwNEwaPYSn5fte5jiHmBg3DHsIoL/l8Kvw5VN5SsTRcRFQ=="
        },
        "node_modules/is-buffer": {
            "version": "1.1.6",
            "resolved": "https://registry.npmjs.org/is-buffer/-/is-buffer-1.1.6.tgz",
            "integrity": "sha512-NcdALwpXkTm5Zvvbk7owOUSvVvBKDgKP5/ewfXEznmQFfs4ZRmanOeKBTjRVjka3QFoN6XJ+9F3USqfHqTaU5w=="
        },
        "node_modules/is-data-uri": {
            "version": "0.1.0",
            "resolved": "https://registry.npmjs.org/is-data-uri/-/is-data-uri-0.1.0.tgz",
            "integrity": "sha512-f8UoAIxZ+9xkHv19viLuXOD5PcbasuwT0Syq1socQZkHmNFV0DVIshld0TEjLPHG8t+kTmNHimht5NY3j5Pk5A==",
            "dependencies": {
                "data-uri-regex": "^0.1.2"
            },
            "engines": {
                "node": ">=0.10.0"
            }
        },
        "node_modules/is-plain-obj": {
            "version": "1.1.0",
            "resolved": "https://registry.npmjs.org/is-plain-obj/-/is-plain-obj-1.1.0.tgz",
            "integrity": "sha512-yvkRyxmFKEOQ4pNXCmJG5AEQNlXJS5LaONXo5/cLdTZdWvsZ1ioJEonLGAosKlMWE8lwUy/bJzMjcw8az73+Fg==",
            "engines": {
                "node": ">=0.10.0"
            }
        },
        "node_modules/is-promise": {
            "version": "2.2.2",
            "resolved": "https://registry.npmjs.org/is-promise/-/is-promise-2.2.2.tgz",
            "integrity": "sha512-+lP4/6lKUBfQjZ2pdxThZvLUAafmZb8OAxFb8XXtiQmS35INgr85hdOGoEs124ez1FCnZJt6jau/T+alh58QFQ=="
        },
        "node_modules/isarray": {
            "version": "1.0.0",
            "resolved": "https://registry.npmjs.org/isarray/-/isarray-1.0.0.tgz",
            "integrity": "sha512-VLghIWNM6ELQzo7zwmcg0NmTVyWKYjvIeM83yjp0wRDTmUnrM678fQbcKBo6n2CJEF0szoG//ytg+TKla89ALQ==",
            "optional": true
        },
        "node_modules/mkdirp": {
            "version": "0.3.5",
            "resolved": "https://registry.npmjs.org/mkdirp/-/mkdirp-0.3.5.tgz",
            "integrity": "sha512-8OCq0De/h9ZxseqzCH8Kw/Filf5pF/vMI6+BH7Lu0jXz2pqYCjTAQRolSxRIi+Ax+oCCjlxoJMP0YQ4XlrQNHg==",
            "deprecated": "Legacy versions of mkdirp are no longer supported. Please update to mkdirp 1.x. (Note that the API surface has changed to use Promises in 1.x.)"
        },
        "node_modules/mp3": {
            "version": "0.1.0",
            "resolved": "https://registry.npmjs.org/mp3/-/mp3-0.1.0.tgz",
            "integrity": "sha512-W9SQWAS8Gn7VvBHBSYnCIz2KAEzZccY+OAKJvO9JRRFBc0MfQ0icb7K4O9Sst/3SW1wcScC+zLNPYoiU6sSXww==",
            "peerDependencies": {
                "av": "~0.4.0"
            }
        },
        "node_modules/ms": {
            "version": "2.1.2",
            "resolved": "https://registry.npmjs.org/ms/-/ms-2.1.2.tgz",
            "integrity": "sha512-sGkPx+VjMtmA6MX27oA4FBFELFCZZ4S4XqeGOXCv68tT+jb3vk/RyaKWP0PTKyWtmLSM0b+adUTEvbs1PEaH2w=="
        },
        "node_modules/nan": {
            "version": "2.19.0",
            "resolved": "https://registry.npmjs.org/nan/-/nan-2.19.0.tgz",
            "integrity": "sha512-nO1xXxfh/RWNxfd/XPfbIfFk5vgLsAxUR9y5O0cHMJu/AW9U95JLXqthYHjEp+8gQ5p96K9jUp8nbVOxCdRbtw==",
            "optional": true
        },
        "node_modules/negative-index": {
            "version": "1.0.3",
            "resolved": "https://registry.npmjs.org/negative-index/-/negative-index-1.0.3.tgz",
            "integrity": "sha512-SzyzUmUYmerjD9gOEqizFRcDakY+Cf/59rOfqMi4bT212PN6g+jkUOjr/Sx9oOUOxi7qf6dsRwE0PPeRIq4DRw==",
            "dependencies": {
                "negative-zero": "^2.0.0"
            }
        },
        "node_modules/negative-zero": {
            "version": "2.0.0",
            "resolved": "https://registry.npmjs.org/negative-zero/-/negative-zero-2.0.0.tgz",
            "integrity": "sha512-OZYg1wcBGrFelnZ970V7SN5icAdXJ+KBn0x/AxN1DZEH82qIeFuqyPVS+9FaPtLAoD3GrDl+byffOVcOh+UvKg==",
            "engines": {
                "node": ">=4"
            }
        },
        "node_modules/object-assign": {
            "version": "4.1.1",
            "resolved": "https://registry.npmjs.org/object-assign/-/object-assign-4.1.1.tgz",
            "integrity": "sha512-rJgTQnkUnH1sFw8yT6VSU3zD3sWmu6sZhIseY8VX+GRu3P6F7Fu+JNDoXfklElbLJSnc3FUQHVe4cU5hj+BcUg==",
            "engines": {
                "node": ">=0.10.0"
            }
        },
        "node_modules/pcm-boilerplate": {
            "version": "0.1.1",
            "resolved": "https://registry.npmjs.org/pcm-boilerplate/-/pcm-boilerplate-0.1.1.tgz",
            "integrity": "sha512-2mU5wENQGQoiuYUiRbLJtI8cH7H+1yvjR400XfGH6JONyzERbSbAIFCJnfRUSfbGJi2WJdo1gbTjiTsDyFSY4Q==",
            "dependencies": {
                "async": "0.2.x",
                "chai": "1.7.x",
                "underscore": "1.4.x"
            },
            "engines": {
                "node": ">=0.10"
            }
        },
        "node_modules/pcm-boilerplate/node_modules/async": {
            "version": "0.2.10",
            "resolved": "https://registry.npmjs.org/async/-/async-0.2.10.tgz",
            "integrity": "sha512-eAkdoKxU6/LkKDBzLpT+t6Ff5EtfSF4wx1WfJiPEEV7WNLnDaRXk0oVysiEPm262roaachGexwUv94WhSgN5TQ=="
        },
        "node_modules/pcm-boilerplate/node_modules/underscore": {
            "version": "1.4.4",
            "resolved": "https://registry.npmjs.org/underscore/-/underscore-1.4.4.tgz",
            "integrity": "sha512-ZqGrAgaqqZM7LGRzNjLnw5elevWb5M8LEoDMadxIW3OWbcv72wMMgKdwOKpd5Fqxe8choLD8HN3iSj3TUh/giQ=="
        },
        "node_modules/pcm-util": {
            "version": "2.1.0",
            "resolved": "https://registry.npmjs.org/pcm-util/-/pcm-util-2.1.0.tgz",
            "integrity": "sha512-gC6DtsnHJgOQ3Xp4ybdLclANWRi0YnL2ojn6HXznoqcL0kM3ZNcyGFIuRH/CKEy65VTGc2ZAL90m/IoqT5mGGQ==",
            "deprecated": "Not as cool as you may think. Look pcm-convert.",
            "dependencies": {
                "audio-buffer": "^3.0.0",
                "is-audio-buffer": "^1.0.1",
                "is-buffer": "^1.1.0",
                "to-array-buffer": "^1.0.0"
            }
        },
        "node_modules/performance-now": {
            "version": "2.1.0",
            "resolved": "https://registry.npmjs.org/performance-now/-/performance-now-2.1.0.tgz",
            "integrity": "sha512-7EAHlyLHI56VEIdK57uwHdHKIaAGbnXPiw0yWbarQZOKaKpvUIgW0jWRVLiatnM+XXlSwsanIBH/hzGMJulMow=="
        },
        "node_modules/process-nextick-args": {
            "version": "2.0.1",
            "resolved": "https://registry.npmjs.org/process-nextick-args/-/process-nextick-args-2.0.1.tgz",
            "integrity": "sha512-3ouUOpQhtgrbOa17J7+uxOTpITYWaGP7/AhoR3+A+/1e9skrzelGi/dXzEYyvbxubEF6Wn2ypscTKiKJFFn1ag==",
            "optional": true
        },
        "node_modules/pull-stream": {
            "version": "3.7.0",
            "resolved": "https://registry.npmjs.org/pull-stream/-/pull-stream-3.7.0.tgz",
            "integrity": "sha512-Eco+/R004UaCK2qEDE8vGklcTG2OeZSVm1kTUQNrykEjDwcFXDZhygFDsW49DbXyJMEhHeRL3z5cRVqPAhXlIw=="
        },
        "node_modules/readable-stream": {
            "version": "2.3.8",
            "resolved": "https://registry.npmjs.org/readable-stream/-/readable-stream-2.3.8.tgz",
            "integrity": "sha512-8p0AUk4XODgIewSi0l8Epjs+EVnWiK7NoDIEGU0HhE7+ZyY8D1IMY7odu5lRrFXGg71L15KG8QrPmum45RTtdA==",
            "optional": true,
            "dependencies": {
                "core-util-is": "~1.0.0",
                "inherits": "~2.0.3",
                "isarray": "~1.0.0",
                "process-nextick-args": "~2.0.0",
                "safe-buffer": "~5.1.1",
                "string_decoder": "~1.1.1",
                "util-deprecate": "~1.0.1"
            }
        },
        "node_modules/safe-buffer": {
            "version": "5.1.2",
            "resolved": "https://registry.npmjs.org/safe-buffer/-/safe-buffer-5.1.2.tgz",
            "integrity": "sha512-Gd2UZBJDkXlY7GbJxfsE8/nvKkUEU1G38c1siN6QP6a9PT9MmHB8GnpscSmMJSoF8LOIrt8ud/wPtojys4G6+g==",
            "optional": true
        },
        "node_modules/serverboy": {
            "version": "0.0.7",
            "resolved": "https://registry.npmjs.org/serverboy/-/serverboy-0.0.7.tgz",
            "integrity": "sha512-Ghisf4cx60q0hmR5LbsNybvWJICGSCyrktTB4v6f6AlmIL/mwAuua6kYMbPc+uowAEyDy7Sn7ZawlF2RjJK1dg=="
        },
        "node_modules/speaker": {
            "version": "0.5.5",
            "resolved": "https://registry.npmjs.org/speaker/-/speaker-0.5.5.tgz",
            "integrity": "sha512-IBeMZUITigYBO139h0+1MAgBHNZF55GFJN4U/Box35Sg49cfqYkbCO92TXoCUy22Ast08zfqKuXLvPxq9CWwLw==",
            "hasInstallScript": true,
            "dependencies": {
                "bindings": "^1.3.0",
                "buffer-alloc": "^1.1.0",
                "debug": "^4.0.0"
            },
            "engines": {
                "node": ">=8.6"
            }
        },
        "node_modules/string_decoder": {
            "version": "1.1.1",
            "resolved": "https://registry.npmjs.org/string_decoder/-/string_decoder-1.1.1.tgz",
            "integrity": "sha512-n/ShnvDi6FHbbVfviro+WojiFzv+s8MPMHBczVePfUpDJLwoLT0ht1l4YwBCbi8pJAveEEdnkHyPyTP/mzRfwg==",
            "optional": true,
            "dependencies": {
                "safe-buffer": "~5.1.0"
            }
        },
        "node_modules/through": {
            "version": "2.3.8",
            "resolved": "https://registry.npmjs.org/through/-/through-2.3.8.tgz",
            "integrity": "sha512-w89qg7PI8wAdvX60bMDP+bFoD5Dvhm9oLheFp5O4a2QF0cSBGsBX4qZmadPMvVqlLJBBci+WqGGOAPvcDeNSVg=="
        },
        "node_modules/to-array-buffer": {
            "version": "1.2.4",
            "resolved": "https://registry.npmjs.org/to-array-buffer/-/to-array-buffer-1.2.4.tgz",
            "integrity": "sha512-G/ZsRfvADjo6whwVpnhY0ZVgRs7Vs8f6NJcxYHZA2TpBAX5Fxavy4SyQ3RLqujkHVWDZ6a7jmzGjGkspdvu6Wg==",
            "dependencies": {
                "atob-lite": "^1.0.0",
                "is-audio-buffer": "^1.0.1",
                "is-data-uri": "^0.1.0"
            }
        },
        "node_modules/typedarray-methods": {
            "version": "1.0.1",
            "resolved": "https://registry.npmjs.org/typedarray-methods/-/typedarray-methods-1.0.1.tgz",
            "integrity": "sha512-fstWAa225OZ856/4npMqgJP6U1U3vTWnqkn9wokZXzME9pORW9dV8u/v1VRGpo584udKMvCIYlNXzKoIb+UUGg=="
        },
        "node_modules/underscore": {
            "version": "1.8.3",
            "resolved": "https://registry.npmjs.org/underscore/-/underscore-1.8.3.tgz",
            "integrity": "sha512-5WsVTFcH1ut/kkhAaHf4PVgI8c7++GiVcpCGxPouI6ZVjsqPnSDf8h/8HtVqc0t4fzRXwnMK70EcZeAs3PIddg=="
        },
        "node_modules/util-deprecate": {
            "version": "1.0.2",
            "resolved": "https://registry.npmjs.org/util-deprecate/-/util-deprecate-1.0.2.tgz",
            "integrity": "sha512-EPD5q1uXyFxJpCrLnCc1nHnq3gOa6DZBocAIiI2TaSCA7VCJ1UJDMagCzIkXNsUYfD1daK//LTEQ8xiIbrHtcw==",
            "optional": true
        },
        "node_modules/uWebSockets.js": {
            "version": "20.43.0",
            "resolved": "git+ssh://git@github.com/uNetworking/uWebSockets.js.git#1977b5039938ad863d42fc4958d48c17e5a1fa06"
        },
        "node_modules/web-audio-api": {
            "version": "0.2.2",
            "resolved": "https://registry.npmjs.org/web-audio-api/-/web-audio-api-0.2.2.tgz",
            "integrity": "sha512-XidLn3tEz8V9jwuV4OOVTOgNHp3WT6SQwv28Ad3lNXU4R9aPxWDYnocfVBh/OIna96jYPpiuP74KvSrTIF0OTg==",
            "dependencies": {
                "aac": "0.1.x",
                "alac": "0.1.x",
                "async": "0.9.x",
                "audiobuffer": "0.2.x",
                "av": "0.4.x",
                "flac": "0.3.x",
                "mp3": "0.1.x",
                "pcm-boilerplate": "0.1.x",
                "underscore": "1.8.x"
            },
            "engines": {
                "node": ">=0.10"
            }
        },
        "node_modules/web-audio-stream": {
            "version": "3.0.1",
            "resolved": "https://registry.npmjs.org/web-audio-stream/-/web-audio-stream-3.0.1.tgz",
            "integrity": "sha512-doFZu9H4hMtU5mxakGCsoKVyTUaUPYl3L9xoW9Za6hv2r+tHYWa1ZcAOpSUO/7OkFEkLKdt5cHS4db9R9VYRTw==",
            "deprecated": "So nice name, such awful API, look. Have a look at web-audio-write better, or web-audio-read.",
            "dependencies": {
                "audio-buffer-list": "^2.0.6",
                "audio-buffer-utils": "^4.3.0",
                "audio-context": "^1.0.0",
                "inherits": "^2.0.1",
                "is-audio-buffer": "^1.0.1",
                "is-plain-obj": "^1.1.0",
                "object-assign": "^4.1.1",
                "pcm-util": "^2.1.0",
                "pull-stream": "^3.4.4"
            }
        },
        "node_modules/xtend": {
            "version": "4.0.2",
            "resolved": "https://registry.npmjs.org/xtend/-/xtend-4.0.2.tgz",
            "integrity": "sha512-LKYU1iAXJXUgAXn9URjiu+MWhyUXHsvfp7mcuYm9dSUKK0/CjtrUwFAxD82/mCWbtLsGjFIad0wIsod4zrTAEQ==",
            "optional": true,
            "engines": {
                "node": ">=0.4"
            }
        }
    }
}
